
Microsoft Visual Studio Solution File, Format Version 12.00
# Visual Studio Version 17
VisualStudioVersion = 17.3.32825.248
MinimumVisualStudioVersion = 10.0.40219.1
Project("{9A19103F-16F7-4668-BE54-9A1E7A4F7556}") = "ConsoleApp1", "ConsoleApp1\ConsoleApp1.csproj", "{06F55D83-9C1C-412F-95C4-5FD8B8347BEB}"
EndProject
Project("{2150E333-8FDC-42A3-9474-1A3956D46DE8}") = "анкета", "анкета", "{DC7B6AD8-40A3-4B09-B12C-E5B7A5160F84}"
EndProject
Project("{9A19103F-16F7-4668-BE54-9A1E7A4F7556}") = "Form", "Form\Form.csproj", "{EF8B91B6-F271-4A2F-967E-54D793D75869}"
EndProject
Project("{9A19103F-16F7-4668-BE54-9A1E7A4F7556}") = "Semaphore", "Semaphore\Semaphore.csproj", "{4D27EF58-4100-4FB1-98F9-068372FC672D}"
EndProject
Project("{2150E333-8FDC-42A3-9474-1A3956D46DE8}") = "модуль 4", "модуль 4", "{6467D2F5-0773-4A1D-9054-4B7FD7B09BDE}"
EndProject
Project("{FAE04EC0-301F-11D3-BF4B-00C04F79EFBC}") = "modul4", "modul4\modul4.csproj", "{C87C2C44-0EA4-47EE-9550-C42F3FC9C8A5}"
EndProject
Project("{FAE04EC0-301F-11D3-BF4B-00C04F79EFBC}") = "massiv", "massiv\massiv.csproj", "{4F60A676-9FD0-4950-89D7-6935347877FF}"
EndProject
Project("{FAE04EC0-301F-11D3-BF4B-00C04F79EFBC}") = "matrix", "matrix\matrix.csproj", "{DEC23C67-7F7A-4F07-9C57-21F7C14DC8D2}"
EndProject
Global
	GlobalSection(SolutionConfigurationPlatforms) = preSolution
		Debug|Any CPU = Debug|Any CPU
		Release|Any CPU = Release|Any CPU
	EndGlobalSection
	GlobalSection(ProjectConfigurationPlatforms) = postSolution
		{06F55D83-9C1C-412F-95C4-5FD8B8347BEB}.Debug|Any CPU.ActiveCfg = Debug|Any CPU
		{06F55D83-9C1C-412F-95C4-5FD8B8347BEB}.Debug|Any CPU.Build.0 = Debug|Any CPU
		{06F55D83-9C1C-412F-95C4-5FD8B8347BEB}.Release|Any CPU.ActiveCfg = Release|Any CPU
		{06F55D83-9C1C-412F-95C4-5FD8B8347BEB}.Release|Any CPU.Build.0 = Release|Any CPU
		{EF8B91B6-F271-4A2F-967E-54D793D75869}.Debug|Any CPU.ActiveCfg = Debug|Any CPU
		{EF8B91B6-F271-4A2F-967E-54D793D75869}.Debug|Any CPU.Build.0 = Debug|Any CPU
		{EF8B91B6-F271-4A2F-967E-54D793D75869}.Release|Any CPU.ActiveCfg = Release|Any CPU
		{EF8B91B6-F271-4A2F-967E-54D793D75869}.Release|Any CPU.Build.0 = Release|Any CPU
		{4D27EF58-4100-4FB1-98F9-068372FC672D}.Debug|Any CPU.ActiveCfg = Debug|Any CPU
		{4D27EF58-4100-4FB1-98F9-068372FC672D}.Debug|Any CPU.Build.0 = Debug|Any CPU
		{4D27EF58-4100-4FB1-98F9-068372FC672D}.Release|Any CPU.ActiveCfg = Release|Any CPU
		{4D27EF58-4100-4FB1-98F9-068372FC672D}.Release|Any CPU.Build.0 = Release|Any CPU
		{C87C2C44-0EA4-47EE-9550-C42F3FC9C8A5}.Debug|Any CPU.ActiveCfg = Debug|Any CPU
		{C87C2C44-0EA4-47EE-9550-C42F3FC9C8A5}.Debug|Any CPU.Build.0 = Debug|Any CPU
		{C87C2C44-0EA4-47EE-9550-C42F3FC9C8A5}.Release|Any CPU.ActiveCfg = Release|Any CPU
		{C87C2C44-0EA4-47EE-9550-C42F3FC9C8A5}.Release|Any CPU.Build.0 = Release|Any CPU
		{4F60A676-9FD0-4950-89D7-6935347877FF}.Debug|Any CPU.ActiveCfg = Debug|Any CPU
		{4F60A676-9FD0-4950-89D7-6935347877FF}.Debug|Any CPU.Build.0 = Debug|Any CPU
		{4F60A676-9FD0-4950-89D7-6935347877FF}.Release|Any CPU.ActiveCfg = Release|Any CPU
		{4F60A676-9FD0-4950-89D7-6935347877FF}.Release|Any CPU.Build.0 = Release|Any CPU
		{DEC23C67-7F7A-4F07-9C57-21F7C14DC8D2}.Debug|Any CPU.ActiveCfg = Debug|Any CPU
		{DEC23C67-7F7A-4F07-9C57-21F7C14DC8D2}.Debug|Any CPU.Build.0 = Debug|Any CPU
		{DEC23C67-7F7A-4F07-9C57-21F7C14DC8D2}.Release|Any CPU.ActiveCfg = Release|Any CPU
		{DEC23C67-7F7A-4F07-9C57-21F7C14DC8D2}.Release|Any CPU.Build.0 = Release|Any CPU
	EndGlobalSection
	GlobalSection(SolutionProperties) = preSolution
		HideSolutionNode = FALSE
	EndGlobalSection
	GlobalSection(NestedProjects) = preSolution
		{EF8B91B6-F271-4A2F-967E-54D793D75869} = {DC7B6AD8-40A3-4B09-B12C-E5B7A5160F84}
		{C87C2C44-0EA4-47EE-9550-C42F3FC9C8A5} = {6467D2F5-0773-4A1D-9054-4B7FD7B09BDE}
		{4F60A676-9FD0-4950-89D7-6935347877FF} = {6467D2F5-0773-4A1D-9054-4B7FD7B09BDE}
		{DEC23C67-7F7A-4F07-9C57-21F7C14DC8D2} = {6467D2F5-0773-4A1D-9054-4B7FD7B09BDE}
	EndGlobalSection
	GlobalSection(ExtensibilityGlobals) = postSolution
		SolutionGuid = {A24A9A99-E7CF-4027-8EF6-1D739C9933DE}
	EndGlobalSection
EndGlobal
